Microsoft Visual Studio Solution File, Format Version 11.00
# Visual Studio 2008

Project("{E39C89D8-F873-BA19-1464-FB5E3700F548}") = "AR_hw", "Assembly-CSharp.csproj", "{5C13E64B-F783-C75B-82DC-1B4E9F51A9EF}"
EndProject
Project("{E39C89D8-F873-BA19-1464-FB5E3700F548}") = "AR_hw", "Assembly-CSharp-Editor.csproj", "{8DD47B5E-784A-AC1E-3747-69C2C171E017}"
EndProject
Global
	GlobalSection(SolutionConfigurationPlatforms) = preSolution
		Debug|Any CPU = Debug|Any CPU
		Release|Any CPU = Release|Any CPU
	EndGlobalSection
	GlobalSection(ProjectConfigurationPlatforms) = postSolution
		{5C13E64B-F783-C75B-82DC-1B4E9F51A9EF}.Debug|Any CPU.ActiveCfg = Debug|Any CPU
		{5C13E64B-F783-C75B-82DC-1B4E9F51A9EF}.Debug|Any CPU.Build.0 = Debug|Any CPU
		{5C13E64B-F783-C75B-82DC-1B4E9F51A9EF}.Release|Any CPU.ActiveCfg = Release|Any CPU
		{5C13E64B-F783-C75B-82DC-1B4E9F51A9EF}.Release|Any CPU.Build.0 = Release|Any CPU
		{8DD47B5E-784A-AC1E-3747-69C2C171E017}.Debug|Any CPU.ActiveCfg = Debug|Any CPU
		{8DD47B5E-784A-AC1E-3747-69C2C171E017}.Debug|Any CPU.Build.0 = Debug|Any CPU
		{8DD47B5E-784A-AC1E-3747-69C2C171E017}.Release|Any CPU.ActiveCfg = Release|Any CPU
		{8DD47B5E-784A-AC1E-3747-69C2C171E017}.Release|Any CPU.Build.0 = Release|Any CPU
	EndGlobalSection
	GlobalSection(SolutionProperties) = preSolution
		HideSolutionNode = FALSE
	EndGlobalSection
	GlobalSection(MonoDevelopProperties) = preSolution
		StartupItem = Assembly-CSharp.csproj
	EndGlobalSection
EndGlobal
